
Microsoft Visual Studio Solution File, Format Version 12.00
# Visual Studio Version 16
VisualStudioVersion = 16.0.30320.27
MinimumVisualStudioVersion = 10.0.40219.1
Project("{F184B08F-C81C-45F6-A57F-5ABD9991F28F}") = "TestZippaggio", "TestZippaggio.vbproj", "{83993D56-F8F9-47B4-B4E9-277B925BC9D8}"
EndProject
Global
	GlobalSection(SolutionConfigurationPlatforms) = preSolution
		Debug|Any CPU = Debug|Any CPU
		Release|Any CPU = Release|Any CPU
	EndGlobalSection
	GlobalSection(ProjectConfigurationPlatforms) = postSolution
		{83993D56-F8F9-47B4-B4E9-277B925BC9D8}.Debug|Any CPU.ActiveCfg = Debug|Any CPU
		{83993D56-F8F9-47B4-B4E9-277B925BC9D8}.Debug|Any CPU.Build.0 = Debug|Any CPU
		{83993D56-F8F9-47B4-B4E9-277B925BC9D8}.Release|Any CPU.ActiveCfg = Release|Any CPU
		{83993D56-F8F9-47B4-B4E9-277B925BC9D8}.Release|Any CPU.Build.0 = Release|Any CPU
	EndGlobalSection
	GlobalSection(SolutionProperties) = preSolution
		HideSolutionNode = FALSE
	EndGlobalSection
	GlobalSection(ExtensibilityGlobals) = postSolution
		SolutionGuid = {5EA6B5CD-5B2E-4ECE-91C9-7FE2D4324C7C}
	EndGlobalSection
EndGlobal
